// !$*UTF8*$!
{
	archiveVersion = 1;
	classes = {
	};
	objectVersion = 46;
	objects = {

/* Begin PBXBuildFile section */
		2B994EFB1694D7BC00A427DF /* UIKit.framework in Frameworks */ = {isa = PBXBuildFile; fileRef = 2B994EFA1694D7BC00A427DF /* UIKit.framework */; };
		2B994EFD1694D7BC00A427DF /* Foundation.framework in Frameworks */ = {isa = PBXBuildFile; fileRef = 2B994EFC1694D7BC00A427DF /* Foundation.framework */; };
		2B994F051694D7BC00A427DF /* InfoPlist.strings in Resources */ = {isa = PBXBuildFile; fileRef = 2B994F031694D7BC00A427DF /* InfoPlist.strings */; };
		2B994F071694D7BC00A427DF /* main.m in Sources */ = {isa = PBXBuildFile; fileRef = 2B994F061694D7BC00A427DF /* main.m */; };
		2B994F0B1694D7BC00A427DF /* PDAppDelegate.m in Sources */ = {isa = PBXBuildFile; fileRef = 2B994F0A1694D7BC00A427DF /* PDAppDelegate.m */; };
		2B994F0D1694D7BC00A427DF /* Default.png in Resources */ = {isa = PBXBuildFile; fileRef = 2B994F0C1694D7BC00A427DF /* Default.png */; };
		2B994F0F1694D7BC00A427DF /* Default@2x.png in Resources */ = {isa = PBXBuildFile; fileRef = 2B994F0E1694D7BC00A427DF /* Default@2x.png */; };
		2B994F111694D7BC00A427DF /* Default-568h@2x.png in Resources */ = {isa = PBXBuildFile; fileRef = 2B994F101694D7BC00A427DF /* Default-568h@2x.png */; };
		2B994F171694D7BC00A427DF /* PDViewController.m in Sources */ = {isa = PBXBuildFile; fileRef = 2B994F161694D7BC00A427DF /* PDViewController.m */; };
		2B994F231694D9C900A427DF /* MainStoryboard.storyboard in Resources */ = {isa = PBXBuildFile; fileRef = 2B994F221694D9C900A427DF /* MainStoryboard.storyboard */; };
		2B994F261694DE4500A427DF /* PDSettings.m in Sources */ = {isa = PBXBuildFile; fileRef = 2B994F251694DE4500A427DF /* PDSettings.m */; };
		2B994F291694E05C00A427DF /* PDStreamParser.m in Sources */ = {isa = PBXBuildFile; fileRef = 2B994F281694E05C00A427DF /* PDStreamParser.m */; };
		2B994F2C1694E3A400A427DF /* PDRepository.m in Sources */ = {isa = PBXBuildFile; fileRef = 2B994F2B1694E3A400A427DF /* PDRepository.m */; };
		2B994F321694E7C400A427DF /* Pusher.xcdatamodeld in Sources */ = {isa = PBXBuildFile; fileRef = 2B994F301694E7C400A427DF /* Pusher.xcdatamodeld */; };
		2B994F351694EFF400A427DF /* PDNotificationModel.m in Sources */ = {isa = PBXBuildFile; fileRef = 2B994F341694EFF400A427DF /* PDNotificationModel.m */; };
		2BA8CCDD169628830081CD9F /* NSDate+PDDate.m in Sources */ = {isa = PBXBuildFile; fileRef = 2BA8CCDC169628830081CD9F /* NSDate+PDDate.m */; };
		2BA8CCE2169649C20081CD9F /* QuartzCore.framework in Frameworks */ = {isa = PBXBuildFile; fileRef = 2BA8CCE1169649C20081CD9F /* QuartzCore.framework */; };
		2BA8CCE5169649E20081CD9F /* CoreData.framework in Frameworks */ = {isa = PBXBuildFile; fileRef = 2BA8CCE4169649E20081CD9F /* CoreData.framework */; };
		2BA8CCE816964D0A0081CD9F /* PDRegistrar.m in Sources */ = {isa = PBXBuildFile; fileRef = 2BA8CCE716964D0A0081CD9F /* PDRegistrar.m */; };
/* End PBXBuildFile section */

/* Begin PBXFileReference section */
		2B994EF61694D7BC00A427DF /* Pusher.app */ = {isa = PBXFileReference; explicitFileType = wrapper.application; includeInIndex = 0; path = Pusher.app; sourceTree = BUILT_PRODUCTS_DIR; };
		2B994EFA1694D7BC00A427DF /* UIKit.framework */ = {isa = PBXFileReference; lastKnownFileType = wrapper.framework; name = UIKit.framework; path = System/Library/Frameworks/UIKit.framework; sourceTree = SDKROOT; };
		2B994EFC1694D7BC00A427DF /* Foundation.framework */ = {isa = PBXFileReference; lastKnownFileType = wrapper.framework; name = Foundation.framework; path = System/Library/Frameworks/Foundation.framework; sourceTree = SDKROOT; };
		2B994EFE1694D7BC00A427DF /* CoreGraphics.framework */ = {isa = PBXFileReference; lastKnownFileType = wrapper.framework; name = CoreGraphics.framework; path = System/Library/Frameworks/CoreGraphics.framework; sourceTree = SDKROOT; };
		2B994F021694D7BC00A427DF /* Pusher-Info.plist */ = {isa = PBXFileReference; lastKnownFileType = text.plist.xml; path = "Pusher-Info.plist"; sourceTree = "<group>"; };
		2B994F041694D7BC00A427DF /* en */ = {isa = PBXFileReference; lastKnownFileType = text.plist.strings; name = en; path = en.lproj/InfoPlist.strings; sourceTree = "<group>"; };
		2B994F061694D7BC00A427DF /* main.m */ = {isa = PBXFileReference; lastKnownFileType = sourcecode.c.objc; path = main.m; sourceTree = "<group>"; };
		2B994F081694D7BC00A427DF /* Pusher-Prefix.pch */ = {isa = PBXFileReference; lastKnownFileType = sourcecode.c.h; path = "Pusher-Prefix.pch"; sourceTree = "<group>"; };
		2B994F091694D7BC00A427DF /* PDAppDelegate.h */ = {isa = PBXFileReference; lastKnownFileType = sourcecode.c.h; path = PDAppDelegate.h; sourceTree = "<group>"; };
		2B994F0A1694D7BC00A427DF /* PDAppDelegate.m */ = {isa = PBXFileReference; lastKnownFileType = sourcecode.c.objc; path = PDAppDelegate.m; sourceTree = "<group>"; };
		2B994F0C1694D7BC00A427DF /* Default.png */ = {isa = PBXFileReference; lastKnownFileType = image.png; path = Default.png; sourceTree = "<group>"; };
		2B994F0E1694D7BC00A427DF /* Default@2x.png */ = {isa = PBXFileReference; lastKnownFileType = image.png; path = "Default@2x.png"; sourceTree = "<group>"; };
		2B994F101694D7BC00A427DF /* Default-568h@2x.png */ = {isa = PBXFileReference; lastKnownFileType = image.png; path = "Default-568h@2x.png"; sourceTree = "<group>"; };
		2B994F151694D7BC00A427DF /* PDViewController.h */ = {isa = PBXFileReference; lastKnownFileType = sourcecode.c.h; path = PDViewController.h; sourceTree = "<group>"; };
		2B994F161694D7BC00A427DF /* PDViewController.m */ = {isa = PBXFileReference; lastKnownFileType = sourcecode.c.objc; path = PDViewController.m; sourceTree = "<group>"; };
		2B994F221694D9C900A427DF /* MainStoryboard.storyboard */ = {isa = PBXFileReference; fileEncoding = 4; lastKnownFileType = file.storyboard; path = MainStoryboard.storyboard; sourceTree = "<group>"; };
		2B994F241694DE4500A427DF /* PDSettings.h */ = {isa = PBXFileReference; fileEncoding = 4; lastKnownFileType = sourcecode.c.h; path = PDSettings.h; sourceTree = "<group>"; };
		2B994F251694DE4500A427DF /* PDSettings.m */ = {isa = PBXFileReference; fileEncoding = 4; lastKnownFileType = sourcecode.c.objc; path = PDSettings.m; sourceTree = "<group>"; };
		2B994F271694E05C00A427DF /* PDStreamParser.h */ = {isa = PBXFileReference; fileEncoding = 4; lastKnownFileType = sourcecode.c.h; path = PDStreamParser.h; sourceTree = "<group>"; };
		2B994F281694E05C00A427DF /* PDStreamParser.m */ = {isa = PBXFileReference; fileEncoding = 4; lastKnownFileType = sourcecode.c.objc; path = PDStreamParser.m; sourceTree = "<group>"; };
		2B994F2A1694E3A400A427DF /* PDRepository.h */ = {isa = PBXFileReference; fileEncoding = 4; lastKnownFileType = sourcecode.c.h; path = PDRepository.h; sourceTree = "<group>"; };
		2B994F2B1694E3A400A427DF /* PDRepository.m */ = {isa = PBXFileReference; fileEncoding = 4; lastKnownFileType = sourcecode.c.objc; path = PDRepository.m; sourceTree = "<group>"; };
		2B994F311694E7C400A427DF /* Pusher.xcdatamodel */ = {isa = PBXFileReference; lastKnownFileType = wrapper.xcdatamodel; path = Pusher.xcdatamodel; sourceTree = "<group>"; };
		2B994F331694EFF400A427DF /* PDNotificationModel.h */ = {isa = PBXFileReference; fileEncoding = 4; lastKnownFileType = sourcecode.c.h; path = PDNotificationModel.h; sourceTree = "<group>"; };
		2B994F341694EFF400A427DF /* PDNotificationModel.m */ = {isa = PBXFileReference; fileEncoding = 4; lastKnownFileType = sourcecode.c.objc; path = PDNotificationModel.m; sourceTree = "<group>"; };
		2BA8CCDB169628830081CD9F /* NSDate+PDDate.h */ = {isa = PBXFileReference; fileEncoding = 4; lastKnownFileType = sourcecode.c.h; path = "NSDate+PDDate.h"; sourceTree = "<group>"; };
		2BA8CCDC169628830081CD9F /* NSDate+PDDate.m */ = {isa = PBXFileReference; fileEncoding = 4; lastKnownFileType = sourcecode.c.objc; path = "NSDate+PDDate.m"; sourceTree = "<group>"; };
		2BA8CCE1169649C20081CD9F /* QuartzCore.framework */ = {isa = PBXFileReference; lastKnownFileType = wrapper.framework; name = QuartzCore.framework; path = System/Library/Frameworks/QuartzCore.framework; sourceTree = SDKROOT; };
		2BA8CCE4169649E20081CD9F /* CoreData.framework */ = {isa = PBXFileReference; lastKnownFileType = wrapper.framework; name = CoreData.framework; path = System/Library/Frameworks/CoreData.framework; sourceTree = SDKROOT; };
		2BA8CCE616964D0A0081CD9F /* PDRegistrar.h */ = {isa = PBXFileReference; fileEncoding = 4; lastKnownFileType = sourcecode.c.h; path = PDRegistrar.h; sourceTree = "<group>"; };
		2BA8CCE716964D0A0081CD9F /* PDRegistrar.m */ = {isa = PBXFileReference; fileEncoding = 4; lastKnownFileType = sourcecode.c.objc; path = PDRegistrar.m; sourceTree = "<group>"; };
/* End PBXFileReference section */

/* Begin PBXFrameworksBuildPhase section */
		2B994EF31694D7BC00A427DF /* Frameworks */ = {
			isa = PBXFrameworksBuildPhase;
			buildActionMask = 2147483647;
			files = (
				2BA8CCE5169649E20081CD9F /* CoreData.framework in Frameworks */,
				2BA8CCE2169649C20081CD9F /* QuartzCore.framework in Frameworks */,
				2B994EFB1694D7BC00A427DF /* UIKit.framework in Frameworks */,
				2B994EFD1694D7BC00A427DF /* Foundation.framework in Frameworks */,
			);
			runOnlyForDeploymentPostprocessing = 0;
		};
/* End PBXFrameworksBuildPhase section */

/* Begin PBXGroup section */
		2B994EEB1694D7BC00A427DF = {
			isa = PBXGroup;
			children = (
				2B994F001694D7BC00A427DF /* Pusher */,
				2B994EF91694D7BC00A427DF /* Frameworks */,
				2B994EF71694D7BC00A427DF /* Products */,
			);
			sourceTree = "<group>";
		};
		2B994EF71694D7BC00A427DF /* Products */ = {
			isa = PBXGroup;
			children = (
				2B994EF61694D7BC00A427DF /* Pusher.app */,
			);
			name = Products;
			sourceTree = "<group>";
		};
		2B994EF91694D7BC00A427DF /* Frameworks */ = {
			isa = PBXGroup;
			children = (
				2BA8CCE4169649E20081CD9F /* CoreData.framework */,
				2BA8CCE1169649C20081CD9F /* QuartzCore.framework */,
				2B994EFA1694D7BC00A427DF /* UIKit.framework */,
				2B994EFC1694D7BC00A427DF /* Foundation.framework */,
				2B994EFE1694D7BC00A427DF /* CoreGraphics.framework */,
			);
			name = Frameworks;
			sourceTree = "<group>";
		};
		2B994F001694D7BC00A427DF /* Pusher */ = {
			isa = PBXGroup;
			children = (
				2B994F331694EFF400A427DF /* PDNotificationModel.h */,
				2B994F341694EFF400A427DF /* PDNotificationModel.m */,
				2B994F091694D7BC00A427DF /* PDAppDelegate.h */,
				2B994F0A1694D7BC00A427DF /* PDAppDelegate.m */,
				2B994F151694D7BC00A427DF /* PDViewController.h */,
				2B994F161694D7BC00A427DF /* PDViewController.m */,
				2B994F241694DE4500A427DF /* PDSettings.h */,
				2B994F251694DE4500A427DF /* PDSettings.m */,
				2B994F271694E05C00A427DF /* PDStreamParser.h */,
				2B994F281694E05C00A427DF /* PDStreamParser.m */,
				2B994F2A1694E3A400A427DF /* PDRepository.h */,
				2B994F2B1694E3A400A427DF /* PDRepository.m */,
				2BA8CCE616964D0A0081CD9F /* PDRegistrar.h */,
				2BA8CCE716964D0A0081CD9F /* PDRegistrar.m */,
				2BA8CCDB169628830081CD9F /* NSDate+PDDate.h */,
				2BA8CCDC169628830081CD9F /* NSDate+PDDate.m */,
				2B994F011694D7BC00A427DF /* Supporting Files */,
			);
			path = Pusher;
			sourceTree = "<group>";
		};
		2B994F011694D7BC00A427DF /* Supporting Files */ = {
			isa = PBXGroup;
			children = (
				2B994F301694E7C400A427DF /* Pusher.xcdatamodeld */,
				2B994F221694D9C900A427DF /* MainStoryboard.storyboard */,
				2B994F021694D7BC00A427DF /* Pusher-Info.plist */,
				2B994F031694D7BC00A427DF /* InfoPlist.strings */,
				2B994F061694D7BC00A427DF /* main.m */,
				2B994F081694D7BC00A427DF /* Pusher-Prefix.pch */,
				2B994F0C1694D7BC00A427DF /* Default.png */,
				2B994F0E1694D7BC00A427DF /* Default@2x.png */,
				2B994F101694D7BC00A427DF /* Default-568h@2x.png */,
			);
			name = "Supporting Files";
			sourceTree = "<group>";
		};
/* End PBXGroup section */

/* Begin PBXNativeTarget section */
		2B994EF51694D7BC00A427DF /* Pusher */ = {
			isa = PBXNativeTarget;
			buildConfigurationList = 2B994F1A1694D7BC00A427DF /* Build configuration list for PBXNativeTarget "Pusher" */;
			buildPhases = (
				2B994EF21694D7BC00A427DF /* Sources */,
				2B994EF31694D7BC00A427DF /* Frameworks */,
				2B994EF41694D7BC00A427DF /* Resources */,
			);
			buildRules = (
			);
			dependencies = (
			);
			name = Pusher;
			productName = Pusher;
			productReference = 2B994EF61694D7BC00A427DF /* Pusher.app */;
			productType = "com.apple.product-type.application";
		};
/* End PBXNativeTarget section */

/* Begin PBXProject section */
		2B994EED1694D7BC00A427DF /* Project object */ = {
			isa = PBXProject;
			attributes = {
				CLASSPREFIX = PD;
				LastUpgradeCheck = 0450;
				ORGANIZATIONNAME = "The Potter's Den, Inc";
			};
			buildConfigurationList = 2B994EF01694D7BC00A427DF /* Build configuration list for PBXProject "Pusher" */;
			compatibilityVersion = "Xcode 3.2";
			developmentRegion = English;
			hasScannedForEncodings = 0;
			knownRegions = (
				en,
			);
			mainGroup = 2B994EEB1694D7BC00A427DF;
			productRefGroup = 2B994EF71694D7BC00A427DF /* Products */;
			projectDirPath = "";
			projectRoot = "";
			targets = (
				2B994EF51694D7BC00A427DF /* Pusher */,
			);
		};
/* End PBXProject section */

/* Begin PBXResourcesBuildPhase section */
		2B994EF41694D7BC00A427DF /* Resources */ = {
			isa = PBXResourcesBuildPhase;
			buildActionMask = 2147483647;
			files = (
				2B994F051694D7BC00A427DF /* InfoPlist.strings in Resources */,
				2B994F0D1694D7BC00A427DF /* Default.png in Resources */,
				2B994F0F1694D7BC00A427DF /* Default@2x.png in Resources */,
				2B994F111694D7BC00A427DF /* Default-568h@2x.png in Resources */,
				2B994F231694D9C900A427DF /* MainStoryboard.storyboard in Resources */,
			);
			runOnlyForDeploymentPostprocessing = 0;
		};
/* End PBXResourcesBuildPhase section */

/* Begin PBXSourcesBuildPhase section */
		2B994EF21694D7BC00A427DF /* Sources */ = {
			isa = PBXSourcesBuildPhase;
			buildActionMask = 2147483647;
			files = (
				2B994F071694D7BC00A427DF /* main.m in Sources */,
				2B994F0B1694D7BC00A427DF /* PDAppDelegate.m in Sources */,
				2B994F171694D7BC00A427DF /* PDViewController.m in Sources */,
				2B994F261694DE4500A427DF /* PDSettings.m in Sources */,
				2B994F291694E05C00A427DF /* PDStreamParser.m in Sources */,
				2B994F2C1694E3A400A427DF /* PDRepository.m in Sources */,
				2B994F321694E7C400A427DF /* Pusher.xcdatamodeld in Sources */,
				2B994F351694EFF400A427DF /* PDNotificationModel.m in Sources */,
				2BA8CCDD169628830081CD9F /* NSDate+PDDate.m in Sources */,
				2BA8CCE816964D0A0081CD9F /* PDRegistrar.m in Sources */,
			);
			runOnlyForDeploymentPostprocessing = 0;
		};
/* End PBXSourcesBuildPhase section */

/* Begin PBXVariantGroup section */
		2B994F031694D7BC00A427DF /* InfoPlist.strings */ = {
			isa = PBXVariantGroup;
			children = (
				2B994F041694D7BC00A427DF /* en */,
			);
			name = InfoPlist.strings;
			sourceTree = "<group>";
		};
/* End PBXVariantGroup section */

/* Begin XCBuildConfiguration section */
		2B994F181694D7BC00A427DF /* Debug */ = {
			isa = XCBuildConfiguration;
			buildSettings = {
				ALWAYS_SEARCH_USER_PATHS = NO;
				CLANG_CXX_LANGUAGE_STANDARD = "gnu++0x";
				CLANG_CXX_LIBRARY = "libc++";
				CLANG_ENABLE_OBJC_ARC = YES;
				CLANG_WARN_EMPTY_BODY = YES;
				CLANG_WARN__DUPLICATE_METHOD_MATCH = YES;
				"CODE_SIGN_IDENTITY[sdk=iphoneos*]" = "iPhone Developer";
				COPY_PHASE_STRIP = NO;
				GCC_C_LANGUAGE_STANDARD = gnu99;
				GCC_DYNAMIC_NO_PIC = NO;
				GCC_OPTIMIZATION_LEVEL = 0;
				GCC_PREPROCESSOR_DEFINITIONS = (
					"DEBUG=1",
					"$(inherited)",
				);
				GCC_SYMBOLS_PRIVATE_EXTERN = NO;
				GCC_WARN_ABOUT_RETURN_TYPE = YES;
				GCC_WARN_UNINITIALIZED_AUTOS = YES;
				GCC_WARN_UNUSED_VARIABLE = YES;
				IPHONEOS_DEPLOYMENT_TARGET = 6.0;
				ONLY_ACTIVE_ARCH = YES;
				SDKROOT = iphoneos;
			};
			name = Debug;
		};
		2B994F191694D7BC00A427DF /* Release */ = {
			isa = XCBuildConfiguration;
			buildSettings = {
				ALWAYS_SEARCH_USER_PATHS = NO;
				CLANG_CXX_LANGUAGE_STANDARD = "gnu++0x";
				CLANG_CXX_LIBRARY = "libc++";
				CLANG_ENABLE_OBJC_ARC = YES;
				CLANG_WARN_EMPTY_BODY = YES;
				CLANG_WARN__DUPLICATE_METHOD_MATCH = YES;
				"CODE_SIGN_IDENTITY[sdk=iphoneos*]" = "iPhone Developer";
				COPY_PHASE_STRIP = YES;
				GCC_C_LANGUAGE_STANDARD = gnu99;
				GCC_WARN_ABOUT_RETURN_TYPE = YES;
				GCC_WARN_UNINITIALIZED_AUTOS = YES;
				GCC_WARN_UNUSED_VARIABLE = YES;
				IPHONEOS_DEPLOYMENT_TARGET = 6.0;
				OTHER_CFLAGS = "-DNS_BLOCK_ASSERTIONS=1";
				SDKROOT = iphoneos;
				VALIDATE_PRODUCT = YES;
			};
			name = Release;
		};
		2B994F1B1694D7BC00A427DF /* Debug */ = {
			isa = XCBuildConfiguration;
			buildSettings = {
				GCC_PRECOMPILE_PREFIX_HEADER = YES;
				GCC_PREFIX_HEADER = "Pusher/Pusher-Prefix.pch";
				INFOPLIST_FILE = "Pusher/Pusher-Info.plist";
				PRODUCT_NAME = "$(TARGET_NAME)";
				WRAPPER_EXTENSION = app;
			};
			name = Debug;
		};
		2B994F1C1694D7BC00A427DF /* Release */ = {
			isa = XCBuildConfiguration;
			buildSettings = {
				GCC_PRECOMPILE_PREFIX_HEADER = YES;
				GCC_PREFIX_HEADER = "Pusher/Pusher-Prefix.pch";
				INFOPLIST_FILE = "Pusher/Pusher-Info.plist";
				PRODUCT_NAME = "$(TARGET_NAME)";
				WRAPPER_EXTENSION = app;
			};
			name = Release;
		};
/* End XCBuildConfiguration section */

/* Begin XCConfigurationList section */
		2B994EF01694D7BC00A427DF /* Build configuration list for PBXProject "Pusher" */ = {
			isa = XCConfigurationList;
			buildConfigurations = (
				2B994F181694D7BC00A427DF /* Debug */,
				2B994F191694D7BC00A427DF /* Release */,
			);
			defaultConfigurationIsVisible = 0;
			defaultConfigurationName = Release;
		};
		2B994F1A1694D7BC00A427DF /* Build configuration list for PBXNativeTarget "Pusher" */ = {
			isa = XCConfigurationList;
			buildConfigurations = (
				2B994F1B1694D7BC00A427DF /* Debug */,
				2B994F1C1694D7BC00A427DF /* Release */,
			);
			defaultConfigurationIsVisible = 0;
			defaultConfigurationName = Release;
		};
/* End XCConfigurationList section */

/* Begin XCVersionGroup section */
		2B994F301694E7C400A427DF /* Pusher.xcdatamodeld */ = {
			isa = XCVersionGroup;
			children = (
				2B994F311694E7C400A427DF /* Pusher.xcdatamodel */,
			);
			currentVersion = 2B994F311694E7C400A427DF /* Pusher.xcdatamodel */;
			path = Pusher.xcdatamodeld;
			sourceTree = "<group>";
			versionGroupType = wrapper.xcdatamodel;
		};
/* End XCVersionGroup section */
	};
	rootObject = 2B994EED1694D7BC00A427DF /* Project object */;
}
